
Microsoft Visual Studio Solution File, Format Version 12.00
# Visual Studio Version 17
VisualStudioVersion = 17.8.34525.116
MinimumVisualStudioVersion = 10.0.40219.1
Project("{FAE04EC0-301F-11D3-BF4B-00C04F79EFBC}") = "homework", "homework\homework.csproj", "{994996C5-2E13-4697-B1A1-233B34B0AF32}"
EndProject
Global
	GlobalSection(SolutionConfigurationPlatforms) = preSolution
		Debug|Any CPU = Debug|Any CPU
		Release|Any CPU = Release|Any CPU
	EndGlobalSection
	GlobalSection(ProjectConfigurationPlatforms) = postSolution
		{994996C5-2E13-4697-B1A1-233B34B0AF32}.Debug|Any CPU.ActiveCfg = Debug|Any CPU
		{994996C5-2E13-4697-B1A1-233B34B0AF32}.Debug|Any CPU.Build.0 = Debug|Any CPU
		{994996C5-2E13-4697-B1A1-233B34B0AF32}.Release|Any CPU.ActiveCfg = Release|Any CPU
		{994996C5-2E13-4697-B1A1-233B34B0AF32}.Release|Any CPU.Build.0 = Release|Any CPU
	EndGlobalSection
	GlobalSection(SolutionProperties) = preSolution
		HideSolutionNode = FALSE
	EndGlobalSection
	GlobalSection(ExtensibilityGlobals) = postSolution
		SolutionGuid = {5CBB1D6A-99BF-4E69-9D88-16C720BBC0BA}
	EndGlobalSection
EndGlobal
